
Microsoft Visual Studio Solution File, Format Version 12.00
# Visual Studio Version 16
VisualStudioVersion = 16.0.810.7
MinimumVisualStudioVersion = 10.0.40219.1
Project("{FAE04EC0-301F-11D3-BF4B-00C04F79EFBC}") = "Final-Proyect", "Final-Proyect\Final-Proyect.csproj", "{5CAF9D79-CA36-42DE-8629-AAF0AFF9FB0A}"
EndProject
Global
	GlobalSection(SolutionConfigurationPlatforms) = preSolution
		Debug|Any CPU = Debug|Any CPU
		Release|Any CPU = Release|Any CPU
	EndGlobalSection
	GlobalSection(ProjectConfigurationPlatforms) = postSolution
		{5CAF9D79-CA36-42DE-8629-AAF0AFF9FB0A}.Debug|Any CPU.ActiveCfg = Debug|Any CPU
		{5CAF9D79-CA36-42DE-8629-AAF0AFF9FB0A}.Debug|Any CPU.Build.0 = Debug|Any CPU
		{5CAF9D79-CA36-42DE-8629-AAF0AFF9FB0A}.Release|Any CPU.ActiveCfg = Release|Any CPU
		{5CAF9D79-CA36-42DE-8629-AAF0AFF9FB0A}.Release|Any CPU.Build.0 = Release|Any CPU
	EndGlobalSection
	GlobalSection(SolutionProperties) = preSolution
		HideSolutionNode = FALSE
	EndGlobalSection
	GlobalSection(ExtensibilityGlobals) = postSolution
		SolutionGuid = {A86EEA5B-296D-47AF-8532-2AB711F44FC1}
	EndGlobalSection
EndGlobal
